
Microsoft Visual Studio Solution File, Format Version 12.00
# Visual Studio Version 16
VisualStudioVersion = 16.0.31105.61
MinimumVisualStudioVersion = 10.0.40219.1
Project("{9A19103F-16F7-4668-BE54-9A1E7A4F7556}") = "Ascetic.Integration.Slack", "Ascetic.Integration.Slack\Ascetic.Integration.Slack.csproj", "{E69792F3-B700-4E34-97FB-88EC6A264FA9}"
EndProject
Project("{FAE04EC0-301F-11D3-BF4B-00C04F79EFBC}") = "Ascetic.Integration.Slack.Tests", "Ascetic.Integration.Slack.Tests\Ascetic.Integration.Slack.Tests.csproj", "{E0AB8945-BA06-4A96-B016-EB2D14D98D84}"
EndProject
Global
	GlobalSection(SolutionConfigurationPlatforms) = preSolution
		Debug|Any CPU = Debug|Any CPU
		Release|Any CPU = Release|Any CPU
	EndGlobalSection
	GlobalSection(ProjectConfigurationPlatforms) = postSolution
		{E69792F3-B700-4E34-97FB-88EC6A264FA9}.Debug|Any CPU.ActiveCfg = Debug|Any CPU
		{E69792F3-B700-4E34-97FB-88EC6A264FA9}.Debug|Any CPU.Build.0 = Debug|Any CPU
		{E69792F3-B700-4E34-97FB-88EC6A264FA9}.Release|Any CPU.ActiveCfg = Release|Any CPU
		{E69792F3-B700-4E34-97FB-88EC6A264FA9}.Release|Any CPU.Build.0 = Release|Any CPU
		{E0AB8945-BA06-4A96-B016-EB2D14D98D84}.Debug|Any CPU.ActiveCfg = Debug|Any CPU
		{E0AB8945-BA06-4A96-B016-EB2D14D98D84}.Debug|Any CPU.Build.0 = Debug|Any CPU
		{E0AB8945-BA06-4A96-B016-EB2D14D98D84}.Release|Any CPU.ActiveCfg = Release|Any CPU
		{E0AB8945-BA06-4A96-B016-EB2D14D98D84}.Release|Any CPU.Build.0 = Release|Any CPU
	EndGlobalSection
	GlobalSection(SolutionProperties) = preSolution
		HideSolutionNode = FALSE
	EndGlobalSection
	GlobalSection(ExtensibilityGlobals) = postSolution
		SolutionGuid = {F31DF1BA-E759-4718-BF4B-D455D364C35D}
	EndGlobalSection
EndGlobal
